
Microsoft Visual Studio Solution File, Format Version 12.00
# Visual Studio Version 17
VisualStudioVersion = 17.3.32929.385
MinimumVisualStudioVersion = 10.0.40219.1
Project("{FAE04EC0-301F-11D3-BF4B-00C04F79EFBC}") = "Q-analysis", "Q-analysis\Q-analysis.csproj", "{3AAC0447-6AF2-41F5-953A-C42B036ED518}"
EndProject
Global
	GlobalSection(SolutionConfigurationPlatforms) = preSolution
		Debug|Any CPU = Debug|Any CPU
		Release|Any CPU = Release|Any CPU
	EndGlobalSection
	GlobalSection(ProjectConfigurationPlatforms) = postSolution
		{3AAC0447-6AF2-41F5-953A-C42B036ED518}.Debug|Any CPU.ActiveCfg = Debug|Any CPU
		{3AAC0447-6AF2-41F5-953A-C42B036ED518}.Debug|Any CPU.Build.0 = Debug|Any CPU
		{3AAC0447-6AF2-41F5-953A-C42B036ED518}.Release|Any CPU.ActiveCfg = Release|Any CPU
		{3AAC0447-6AF2-41F5-953A-C42B036ED518}.Release|Any CPU.Build.0 = Release|Any CPU
	EndGlobalSection
	GlobalSection(SolutionProperties) = preSolution
		HideSolutionNode = FALSE
	EndGlobalSection
	GlobalSection(ExtensibilityGlobals) = postSolution
		SolutionGuid = {67FA96DC-5F07-4FA1-BABB-E1088A7DB963}
	EndGlobalSection
EndGlobal
